{
  "name": "@free2z/wallet-workspace",
  "lockfileVersion": 3,
  "requires": true,
  "packages": {
    "": {
      "name": "@free2z/wallet-workspace",
      "workspaces": [
        "shared"
      ]
    },
    "node_modules/@free2z/wallet-shared": {
      "resolved": "shared",
      "link": true
    },
    "shared": {
      "name": "@free2z/wallet-shared",
      "version": "0.1.0"
    }
  }
}
