schema_version=1
phase=consumed
repository=ghcr.io/free2z/zuuli-linux-ci
base_digest=sha256:1e0a86e57d247923571b75e0aaf48a1449cf8c543d51fb3e07a4a7d7bfa79316
image_digest=sha256:e94d8795fd3c3265caec0f5fc2fa814391e22d2d6e574649a75e686e6e967406
source_sha256=9a8236c68bcd1b740200b03aeb5b92a521da9c5095ff4075603f41e2ab6b9ba4
