schema_version=1
phase=candidate
repository=ghcr.io/free2z/zuuli-linux-ci
base_digest=sha256:1e0a86e57d247923571b75e0aaf48a1449cf8c543d51fb3e07a4a7d7bfa79316
image_digest=sha256:bc66315a17723a6a828a8d3c91733ff2e06f164d18a17de72acf199cc27381d1
source_sha256=13eb98f352e0e3d1198f30abe333d289f504ae5cacef01cb83b21c1f7e030056
candidate_source_sha256=6801078c61b2de196e642a8d57402949c3ff94b74a10be9df133f4400d2c4475
